
Microsoft Visual Studio Solution File, Format Version 12.00
# Visual Studio 15
VisualStudioVersion = 15.0.27703.2042
MinimumVisualStudioVersion = 10.0.40219.1
Project("{FAE04EC0-301F-11D3-BF4B-00C04F79EFBC}") = "finder_windows", "finder_windows\finder_windows.csproj", "{A20B0A0F-93FF-4CF6-9481-E344532CF67A}"
EndProject
Global
	GlobalSection(SolutionConfigurationPlatforms) = preSolution
		Debug|Any CPU = Debug|Any CPU
		Release|Any CPU = Release|Any CPU
	EndGlobalSection
	GlobalSection(ProjectConfigurationPlatforms) = postSolution
		{A20B0A0F-93FF-4CF6-9481-E344532CF67A}.Debug|Any CPU.ActiveCfg = Debug|Any CPU
		{A20B0A0F-93FF-4CF6-9481-E344532CF67A}.Debug|Any CPU.Build.0 = Debug|Any CPU
		{A20B0A0F-93FF-4CF6-9481-E344532CF67A}.Release|Any CPU.ActiveCfg = Release|Any CPU
		{A20B0A0F-93FF-4CF6-9481-E344532CF67A}.Release|Any CPU.Build.0 = Release|Any CPU
	EndGlobalSection
	GlobalSection(SolutionProperties) = preSolution
		HideSolutionNode = FALSE
	EndGlobalSection
	GlobalSection(ExtensibilityGlobals) = postSolution
		SolutionGuid = {66FC95FB-3571-47C2-B662-7E6CC61B3CEA}
	EndGlobalSection
EndGlobal
